<?xml version="1.0" encoding="utf-8"?>
<Project ToolsVersion="4.0" xmlns="http://schemas.microsoft.com/developer/msbuild/2003">
  <ItemGroup>
    <ClCompile Include="Attributes.cpp" />
    <ClCompile Include="Button.cpp" />
    <ClCompile Include="Camera.cpp" />
    <ClCompile Include="ExpSystem.cpp" />
    <ClCompile Include="Goodies.cpp" />
    <ClCompile Include="GoodiesFactory.cpp" />
    <ClCompile Include="Inventory.cpp" />
    <ClCompile Include="main.cpp" />
    <ClCompile Include="Map.cpp" />
    <ClCompile Include="MobInfo.cpp" />
    <ClCompile Include="Monster.cpp" />
    <ClCompile Include="MVCtime.cpp" />
    <ClCompile Include="myapplication.cpp" />
    <ClCompile Include="physics.cpp" />
    <ClCompile Include="PlayerInfo.cpp" />
    <ClCompile Include="shop.cpp" />
    <ClCompile Include="Skills.cpp" />
    <ClCompile Include="Sound.cpp" />
    <ClCompile Include="Sprite.cpp" />
    <ClCompile Include="UI.cpp" />
  </ItemGroup>
  <ItemGroup>
    <ClInclude Include="Attributes.h" />
    <ClInclude Include="Button.h" />
    <ClInclude Include="Camera.h" />
    <ClInclude Include="definitions.h" />
    <ClInclude Include="ExpSystem.h" />
    <ClInclude Include="Goodies.h" />
    <ClInclude Include="GoodiesFactory.h" />
    <ClInclude Include="Inventory.h" />
    <ClInclude Include="main.h" />
    <ClInclude Include="Map.h" />
    <ClInclude Include="Math.h" />
    <ClInclude Include="MobInfo.h" />
    <ClInclude Include="Monster.h" />
    <ClInclude Include="MonsterAI.h" />
    <ClInclude Include="MVCtime.h" />
    <ClInclude Include="myapplication.h" />
    <ClInclude Include="physicObj.h" />
    <ClInclude Include="physics.h" />
    <ClInclude Include="PlayerInfo.h" />
    <ClInclude Include="shop.h" />
    <ClInclude Include="Skills.h" />
    <ClInclude Include="Sound.h" />
    <ClInclude Include="Sprite.h" />
    <ClInclude Include="TextureImage.h" />
    <ClInclude Include="UI.h" />
    <ClInclude Include="vector3D.h" />
  </ItemGroup>
</Project>